
Microsoft Visual Studio Solution File, Format Version 12.00
# Visual Studio Version 17
VisualStudioVersion = 17.4.33213.308
MinimumVisualStudioVersion = 10.0.40219.1
Project("{FAE04EC0-301F-11D3-BF4B-00C04F79EFBC}") = "tarea 14 de abril", "tarea 14 de abril\tarea 14 de abril.csproj", "{38DFAAE0-88AB-4B8C-9D53-23AB22D9275D}"
EndProject
Global
	GlobalSection(SolutionConfigurationPlatforms) = preSolution
		Debug|Any CPU = Debug|Any CPU
		Release|Any CPU = Release|Any CPU
	EndGlobalSection
	GlobalSection(ProjectConfigurationPlatforms) = postSolution
		{38DFAAE0-88AB-4B8C-9D53-23AB22D9275D}.Debug|Any CPU.ActiveCfg = Debug|Any CPU
		{38DFAAE0-88AB-4B8C-9D53-23AB22D9275D}.Debug|Any CPU.Build.0 = Debug|Any CPU
		{38DFAAE0-88AB-4B8C-9D53-23AB22D9275D}.Release|Any CPU.ActiveCfg = Release|Any CPU
		{38DFAAE0-88AB-4B8C-9D53-23AB22D9275D}.Release|Any CPU.Build.0 = Release|Any CPU
	EndGlobalSection
	GlobalSection(SolutionProperties) = preSolution
		HideSolutionNode = FALSE
	EndGlobalSection
	GlobalSection(ExtensibilityGlobals) = postSolution
		SolutionGuid = {566FD07D-A9CF-4475-952B-2D5B92A8822C}
	EndGlobalSection
EndGlobal
